Microsoft Visual Studio Solution File, Format Version 12.00
# Visual Studio Version 17
VisualStudioVersion = 17.14.35806.103
MinimumVisualStudioVersion = 10.0.40219.1
Project("{FAE04EC0-301F-11D3-BF4B-00C04F79EFBC}") = "UberAspire.AppHost", "UberAspire.AppHost\UberAspire.AppHost.csproj", "{1DAA8D35-C78B-49C3-95CA-64E2F05AFED6}"
EndProject
Project("{FAE04EC0-301F-11D3-BF4B-00C04F79EFBC}") = "UberAspire.ServiceDefaults", "UberAspire.ServiceDefaults\UberAspire.ServiceDefaults.csproj", "{E75F8BED-D2C6-555F-1317-50D330EC40E6}"
EndProject
Project("{FAE04EC0-301F-11D3-BF4B-00C04F79EFBC}") = "UberAspire.ApiService", "UberAspire.ApiService\UberAspire.ApiService.csproj", "{566A385B-B29D-BD45-6FC0-519B532FE1C0}"
EndProject
Project("{FAE04EC0-301F-11D3-BF4B-00C04F79EFBC}") = "UberAspire.Web", "UberAspire.Web\UberAspire.Web.csproj", "{8BA29228-7DB1-FB35-87D8-9EDF47946B17}"
EndProject
Project("{FAE04EC0-301F-11D3-BF4B-00C04F79EFBC}") = "UberAspire.Tests", "UberAspire.Tests\UberAspire.Tests.csproj", "{4FF9C2F0-26FD-830E-31DC-55FB14B7337D}"
EndProject
Project("{FAE04EC0-301F-11D3-BF4B-00C04F79EFBC}") = "UberAspire.RideService", "UberAspire.RideService\UberAspire.RideService.csproj", "{F8B33CDB-8A88-3D2E-4EC9-2194071C00C0}"
EndProject
Project("{FAE04EC0-301F-11D3-BF4B-00C04F79EFBC}") = "UberAspire.RideModel", "UberAspire.RideModel\UberAspire.RideModel.csproj", "{658AE46D-22D6-48C8-8175-217670388403}"
EndProject
Project("{FAE04EC0-301F-11D3-BF4B-00C04F79EFBC}") = "UberAspire.MigrationSerivce", "UberAspire.MigrationSerivce\UberAspire.MigrationSerivce.csproj", "{F5B6F1EC-F63E-61B2-FC9A-F24A568AC5F0}"
EndProject
Project("{FAE04EC0-301F-11D3-BF4B-00C04F79EFBC}") = "UberAspire.LocationService", "UberAspire.LocationService\UberAspire.LocationService.csproj", "{7694860E-F928-1930-1D89-4EEA4AA37F96}"
EndProject
Project("{FAE04EC0-301F-11D3-BF4B-00C04F79EFBC}") = "UberAspire.RideMatchingService", "UberAspire.RideMatchingService\UberAspire.RideMatchingService.csproj", "{D8889C21-76EE-2EFA-825C-0838EE6ADF0F}"
EndProject
Project("{FAE04EC0-301F-11D3-BF4B-00C04F79EFBC}") = "UberAspire.RiderApp", "UberAspire.RiderApp\UberAspire.RiderApp.csproj", "{14B8ACC8-4F76-4BD4-9C2C-1CE657579267}"
EndProject
Project("{FAE04EC0-301F-11D3-BF4B-00C04F79EFBC}") = "UberAspire.NotificationService", "UberAspire.NotificationService\UberAspire.NotificationService.csproj", "{D07AB5D5-3D88-3E67-5591-C9E5D2BBCA56}"
EndProject
Global
	GlobalSection(SolutionConfigurationPlatforms) = preSolution
		Debug|Any CPU = Debug|Any CPU
		Release|Any CPU = Release|Any CPU
	EndGlobalSection
	GlobalSection(ProjectConfigurationPlatforms) = postSolution
		{1DAA8D35-C78B-49C3-95CA-64E2F05AFED6}.Debug|Any CPU.ActiveCfg = Debug|Any CPU
		{1DAA8D35-C78B-49C3-95CA-64E2F05AFED6}.Debug|Any CPU.Build.0 = Debug|Any CPU
		{1DAA8D35-C78B-49C3-95CA-64E2F05AFED6}.Release|Any CPU.ActiveCfg = Release|Any CPU
		{1DAA8D35-C78B-49C3-95CA-64E2F05AFED6}.Release|Any CPU.Build.0 = Release|Any CPU
		{E75F8BED-D2C6-555F-1317-50D330EC40E6}.Debug|Any CPU.ActiveCfg = Debug|Any CPU
		{E75F8BED-D2C6-555F-1317-50D330EC40E6}.Debug|Any CPU.Build.0 = Debug|Any CPU
		{E75F8BED-D2C6-555F-1317-50D330EC40E6}.Release|Any CPU.ActiveCfg = Release|Any CPU
		{E75F8BED-D2C6-555F-1317-50D330EC40E6}.Release|Any CPU.Build.0 = Release|Any CPU
		{566A385B-B29D-BD45-6FC0-519B532FE1C0}.Debug|Any CPU.ActiveCfg = Debug|Any CPU
		{566A385B-B29D-BD45-6FC0-519B532FE1C0}.Debug|Any CPU.Build.0 = Debug|Any CPU
		{566A385B-B29D-BD45-6FC0-519B532FE1C0}.Release|Any CPU.ActiveCfg = Release|Any CPU
		{566A385B-B29D-BD45-6FC0-519B532FE1C0}.Release|Any CPU.Build.0 = Release|Any CPU
		{8BA29228-7DB1-FB35-87D8-9EDF47946B17}.Debug|Any CPU.ActiveCfg = Debug|Any CPU
		{8BA29228-7DB1-FB35-87D8-9EDF47946B17}.Debug|Any CPU.Build.0 = Debug|Any CPU
		{8BA29228-7DB1-FB35-87D8-9EDF47946B17}.Release|Any CPU.ActiveCfg = Release|Any CPU
		{8BA29228-7DB1-FB35-87D8-9EDF47946B17}.Release|Any CPU.Build.0 = Release|Any CPU
		{4FF9C2F0-26FD-830E-31DC-55FB14B7337D}.Debug|Any CPU.ActiveCfg = Debug|Any CPU
		{4FF9C2F0-26FD-830E-31DC-55FB14B7337D}.Debug|Any CPU.Build.0 = Debug|Any CPU
		{4FF9C2F0-26FD-830E-31DC-55FB14B7337D}.Release|Any CPU.ActiveCfg = Release|Any CPU
		{4FF9C2F0-26FD-830E-31DC-55FB14B7337D}.Release|Any CPU.Build.0 = Release|Any CPU
		{F8B33CDB-8A88-3D2E-4EC9-2194071C00C0}.Debug|Any CPU.ActiveCfg = Debug|Any CPU
		{F8B33CDB-8A88-3D2E-4EC9-2194071C00C0}.Debug|Any CPU.Build.0 = Debug|Any CPU
		{F8B33CDB-8A88-3D2E-4EC9-2194071C00C0}.Release|Any CPU.ActiveCfg = Release|Any CPU
		{F8B33CDB-8A88-3D2E-4EC9-2194071C00C0}.Release|Any CPU.Build.0 = Release|Any CPU
		{658AE46D-22D6-48C8-8175-217670388403}.Debug|Any CPU.ActiveCfg = Debug|Any CPU
		{658AE46D-22D6-48C8-8175-217670388403}.Debug|Any CPU.Build.0 = Debug|Any CPU
		{658AE46D-22D6-48C8-8175-217670388403}.Release|Any CPU.ActiveCfg = Release|Any CPU
		{658AE46D-22D6-48C8-8175-217670388403}.Release|Any CPU.Build.0 = Release|Any CPU
		{F5B6F1EC-F63E-61B2-FC9A-F24A568AC5F0}.Debug|Any CPU.ActiveCfg = Debug|Any CPU
		{F5B6F1EC-F63E-61B2-FC9A-F24A568AC5F0}.Debug|Any CPU.Build.0 = Debug|Any CPU
		{F5B6F1EC-F63E-61B2-FC9A-F24A568AC5F0}.Release|Any CPU.ActiveCfg = Release|Any CPU
		{F5B6F1EC-F63E-61B2-FC9A-F24A568AC5F0}.Release|Any CPU.Build.0 = Release|Any CPU
		{7694860E-F928-1930-1D89-4EEA4AA37F96}.Debug|Any CPU.ActiveCfg = Debug|Any CPU
		{7694860E-F928-1930-1D89-4EEA4AA37F96}.Debug|Any CPU.Build.0 = Debug|Any CPU
		{7694860E-F928-1930-1D89-4EEA4AA37F96}.Release|Any CPU.ActiveCfg = Release|Any CPU
		{7694860E-F928-1930-1D89-4EEA4AA37F96}.Release|Any CPU.Build.0 = Release|Any CPU
		{D8889C21-76EE-2EFA-825C-0838EE6ADF0F}.Debug|Any CPU.ActiveCfg = Debug|Any CPU
		{D8889C21-76EE-2EFA-825C-0838EE6ADF0F}.Debug|Any CPU.Build.0 = Debug|Any CPU
		{D8889C21-76EE-2EFA-825C-0838EE6ADF0F}.Release|Any CPU.ActiveCfg = Release|Any CPU
		{D8889C21-76EE-2EFA-825C-0838EE6ADF0F}.Release|Any CPU.Build.0 = Release|Any CPU
		{14B8ACC8-4F76-4BD4-9C2C-1CE657579267}.Debug|Any CPU.ActiveCfg = Debug|Any CPU
		{14B8ACC8-4F76-4BD4-9C2C-1CE657579267}.Debug|Any CPU.Build.0 = Debug|Any CPU
		{14B8ACC8-4F76-4BD4-9C2C-1CE657579267}.Release|Any CPU.ActiveCfg = Release|Any CPU
		{14B8ACC8-4F76-4BD4-9C2C-1CE657579267}.Release|Any CPU.Build.0 = Release|Any CPU
		{D07AB5D5-3D88-3E67-5591-C9E5D2BBCA56}.Debug|Any CPU.ActiveCfg = Debug|Any CPU
		{D07AB5D5-3D88-3E67-5591-C9E5D2BBCA56}.Debug|Any CPU.Build.0 = Debug|Any CPU
		{D07AB5D5-3D88-3E67-5591-C9E5D2BBCA56}.Release|Any CPU.ActiveCfg = Release|Any CPU
		{D07AB5D5-3D88-3E67-5591-C9E5D2BBCA56}.Release|Any CPU.Build.0 = Release|Any CPU
	EndGlobalSection
	GlobalSection(SolutionProperties) = preSolution
		HideSolutionNode = FALSE
	EndGlobalSection
	GlobalSection(ExtensibilityGlobals) = postSolution
		SolutionGuid = {4DAD3406-A09C-40BD-80C5-158CFEE9E160}
	EndGlobalSection
EndGlobal
